// !$*UTF8*$!
{
	archiveVersion = 1;
	classes = {
	};
	objectVersion = 56;
	objects = {

/* Begin PBXBuildFile section */
		BE8FB97D2B8D8C5D0002E706 /* AppDelegate.swift in Sources */ = {isa = PBXBuildFile; fileRef = BE8FB97C2B8D8C5D0002E706 /* AppDelegate.swift */; };
		BE8FB97F2B8D8C5D0002E706 /* SceneDelegate.swift in Sources */ = {isa = PBXBuildFile; fileRef = BE8FB97E2B8D8C5D0002E706 /* SceneDelegate.swift */; };
		BE8FB9812B8D8C5D0002E706 /* HomeViewController.swift in Sources */ = {isa = PBXBuildFile; fileRef = BE8FB9802B8D8C5D0002E706 /* HomeViewController.swift */; };
		BE8FB9862B8D8C5E0002E706 /* Assets.xcassets in Resources */ = {isa = PBXBuildFile; fileRef = BE8FB9852B8D8C5E0002E706 /* Assets.xcassets */; };
		BE8FB9892B8D8C5E0002E706 /* LaunchScreen.storyboard in Resources */ = {isa = PBXBuildFile; fileRef = BE8FB9872B8D8C5E0002E706 /* LaunchScreen.storyboard */; };
		BE8FB9A82B8EAC4F0002E706 /* MovieTableViewCell.swift in Sources */ = {isa = PBXBuildFile; fileRef = BE8FB9A72B8EAC4F0002E706 /* MovieTableViewCell.swift */; };
		BE8FB9AA2B8EAC5E0002E706 /* MovieCollectionViewCell.swift in Sources */ = {isa = PBXBuildFile; fileRef = BE8FB9A92B8EAC5E0002E706 /* MovieCollectionViewCell.swift */; };
		BE8FB9AC2B8EAD630002E706 /* Movie.swift in Sources */ = {isa = PBXBuildFile; fileRef = BE8FB9AB2B8EAD630002E706 /* Movie.swift */; };
		BE8FB9AE2B8EB79E0002E706 /* MovieTableHeaderView.swift in Sources */ = {isa = PBXBuildFile; fileRef = BE8FB9AD2B8EB79E0002E706 /* MovieTableHeaderView.swift */; };
		BE8FB9B02B8EBBB70002E706 /* APIClient.swift in Sources */ = {isa = PBXBuildFile; fileRef = BE8FB9AF2B8EBBB70002E706 /* APIClient.swift */; };
		BE8FB9B22B8EBE7E0002E706 /* APIEndpoint.swift in Sources */ = {isa = PBXBuildFile; fileRef = BE8FB9B12B8EBE7E0002E706 /* APIEndpoint.swift */; };
		BE8FB9B42B8EBE840002E706 /* APIRequest.swift in Sources */ = {isa = PBXBuildFile; fileRef = BE8FB9B32B8EBE840002E706 /* APIRequest.swift */; };
		BE8FB9B92B8EC1F70002E706 /* SDWebImage in Frameworks */ = {isa = PBXBuildFile; productRef = BE8FB9B82B8EC1F70002E706 /* SDWebImage */; };
		BE8FB9BB2B8EC1F70002E706 /* SDWebImageMapKit in Frameworks */ = {isa = PBXBuildFile; productRef = BE8FB9BA2B8EC1F70002E706 /* SDWebImageMapKit */; };
		BE8FB9C32B8EC5E80002E706 /* HomeViewModel.swift in Sources */ = {isa = PBXBuildFile; fileRef = BE8FB9C22B8EC5E80002E706 /* HomeViewModel.swift */; };
		BE8FB9C72B8ED1600002E706 /* SFSymbols.swift in Sources */ = {isa = PBXBuildFile; fileRef = BE8FB9C62B8ED1600002E706 /* SFSymbols.swift */; };
		BE8FB9CD2B8ED1CE0002E706 /* ComingSoonViewController.swift in Sources */ = {isa = PBXBuildFile; fileRef = BE8FB9CC2B8ED1CE0002E706 /* ComingSoonViewController.swift */; };
		BE8FB9CF2B8ED1D40002E706 /* TopSearchesViewController.swift in Sources */ = {isa = PBXBuildFile; fileRef = BE8FB9CE2B8ED1D40002E706 /* TopSearchesViewController.swift */; };
		BE8FB9D12B8ED1D90002E706 /* DownloadsViewController.swift in Sources */ = {isa = PBXBuildFile; fileRef = BE8FB9D02B8ED1D90002E706 /* DownloadsViewController.swift */; };
		BE8FB9D32B8ED2210002E706 /* RootTabBarController.swift in Sources */ = {isa = PBXBuildFile; fileRef = BE8FB9D22B8ED2210002E706 /* RootTabBarController.swift */; };
/* End PBXBuildFile section */

/* Begin PBXFileReference section */
		BE8FB9792B8D8C5D0002E706 /* MovieApp.app */ = {isa = PBXFileReference; explicitFileType = wrapper.application; includeInIndex = 0; path = MovieApp.app; sourceTree = BUILT_PRODUCTS_DIR; };
		BE8FB97C2B8D8C5D0002E706 /* AppDelegate.swift */ = {isa = PBXFileReference; lastKnownFileType = sourcecode.swift; path = AppDelegate.swift; sourceTree = "<group>"; };
		BE8FB97E2B8D8C5D0002E706 /* SceneDelegate.swift */ = {isa = PBXFileReference; lastKnownFileType = sourcecode.swift; path = SceneDelegate.swift; sourceTree = "<group>"; };
		BE8FB9802B8D8C5D0002E706 /* HomeViewController.swift */ = {isa = PBXFileReference; lastKnownFileType = sourcecode.swift; path = HomeViewController.swift; sourceTree = "<group>"; };
		BE8FB9852B8D8C5E0002E706 /* Assets.xcassets */ = {isa = PBXFileReference; lastKnownFileType = folder.assetcatalog; path = Assets.xcassets; sourceTree = "<group>"; };
		BE8FB9882B8D8C5E0002E706 /* Base */ = {isa = PBXFileReference; lastKnownFileType = file.storyboard; name = Base; path = Base.lproj/LaunchScreen.storyboard; sourceTree = "<group>"; };
		BE8FB98A2B8D8C5E0002E706 /* Info.plist */ = {isa = PBXFileReference; lastKnownFileType = text.plist.xml; path = Info.plist; sourceTree = "<group>"; };
		BE8FB9A72B8EAC4F0002E706 /* MovieTableViewCell.swift */ = {isa = PBXFileReference; lastKnownFileType = sourcecode.swift; path = MovieTableViewCell.swift; sourceTree = "<group>"; };
		BE8FB9A92B8EAC5E0002E706 /* MovieCollectionViewCell.swift */ = {isa = PBXFileReference; lastKnownFileType = sourcecode.swift; path = MovieCollectionViewCell.swift; sourceTree = "<group>"; };
		BE8FB9AB2B8EAD630002E706 /* Movie.swift */ = {isa = PBXFileReference; lastKnownFileType = sourcecode.swift; path = Movie.swift; sourceTree = "<group>"; };
		BE8FB9AD2B8EB79E0002E706 /* MovieTableHeaderView.swift */ = {isa = PBXFileReference; lastKnownFileType = sourcecode.swift; path = MovieTableHeaderView.swift; sourceTree = "<group>"; };
		BE8FB9AF2B8EBBB70002E706 /* APIClient.swift */ = {isa = PBXFileReference; lastKnownFileType = sourcecode.swift; path = APIClient.swift; sourceTree = "<group>"; };
		BE8FB9B12B8EBE7E0002E706 /* APIEndpoint.swift */ = {isa = PBXFileReference; lastKnownFileType = sourcecode.swift; path = APIEndpoint.swift; sourceTree = "<group>"; };
		BE8FB9B32B8EBE840002E706 /* APIRequest.swift */ = {isa = PBXFileReference; lastKnownFileType = sourcecode.swift; path = APIRequest.swift; sourceTree = "<group>"; };
		BE8FB9C22B8EC5E80002E706 /* HomeViewModel.swift */ = {isa = PBXFileReference; lastKnownFileType = sourcecode.swift; path = HomeViewModel.swift; sourceTree = "<group>"; };
		BE8FB9C62B8ED1600002E706 /* SFSymbols.swift */ = {isa = PBXFileReference; lastKnownFileType = sourcecode.swift; path = SFSymbols.swift; sourceTree = "<group>"; };
		BE8FB9CC2B8ED1CE0002E706 /* ComingSoonViewController.swift */ = {isa = PBXFileReference; lastKnownFileType = sourcecode.swift; path = ComingSoonViewController.swift; sourceTree = "<group>"; };
		BE8FB9CE2B8ED1D40002E706 /* TopSearchesViewController.swift */ = {isa = PBXFileReference; lastKnownFileType = sourcecode.swift; path = TopSearchesViewController.swift; sourceTree = "<group>"; };
		BE8FB9D02B8ED1D90002E706 /* DownloadsViewController.swift */ = {isa = PBXFileReference; lastKnownFileType = sourcecode.swift; path = DownloadsViewController.swift; sourceTree = "<group>"; };
		BE8FB9D22B8ED2210002E706 /* RootTabBarController.swift */ = {isa = PBXFileReference; lastKnownFileType = sourcecode.swift; path = RootTabBarController.swift; sourceTree = "<group>"; };
/* End PBXFileReference section */

/* Begin PBXFrameworksBuildPhase section */
		BE8FB9762B8D8C5D0002E706 /* Frameworks */ = {
			isa = PBXFrameworksBuildPhase;
			buildActionMask = 2147483647;
			files = (
				BE8FB9BB2B8EC1F70002E706 /* SDWebImageMapKit in Frameworks */,
				BE8FB9B92B8EC1F70002E706 /* SDWebImage in Frameworks */,
			);
			runOnlyForDeploymentPostprocessing = 0;
		};
/* End PBXFrameworksBuildPhase section */

/* Begin PBXGroup section */
		BE8FB9702B8D8C5D0002E706 = {
			isa = PBXGroup;
			children = (
				BE8FB97B2B8D8C5D0002E706 /* MovieApp */,
				BE8FB97A2B8D8C5D0002E706 /* Products */,
			);
			sourceTree = "<group>";
		};
		BE8FB97A2B8D8C5D0002E706 /* Products */ = {
			isa = PBXGroup;
			children = (
				BE8FB9792B8D8C5D0002E706 /* MovieApp.app */,
			);
			name = Products;
			sourceTree = "<group>";
		};
		BE8FB97B2B8D8C5D0002E706 /* MovieApp */ = {
			isa = PBXGroup;
			children = (
				BE8FB9902B8D8CC40002E706 /* App */,
				BE8FB9912B8D8D000002E706 /* Core */,
				BE8FB9C42B8ED1510002E706 /* Utils */,
				BE8FB9BC2B8EC5900002E706 /* Modules */,
				BE8FB9BE2B8EC5A50002E706 /* Product */,
				BE8FB9C12B8EC5D10002E706 /* Resources */,
			);
			path = MovieApp;
			sourceTree = "<group>";
		};
		BE8FB9902B8D8CC40002E706 /* App */ = {
			isa = PBXGroup;
			children = (
				BE8FB97C2B8D8C5D0002E706 /* AppDelegate.swift */,
				BE8FB97E2B8D8C5D0002E706 /* SceneDelegate.swift */,
				BE8FB9872B8D8C5E0002E706 /* LaunchScreen.storyboard */,
				BE8FB98A2B8D8C5E0002E706 /* Info.plist */,
			);
			name = App;
			sourceTree = "<group>";
		};
		BE8FB9912B8D8D000002E706 /* Core */ = {
			isa = PBXGroup;
			children = (
				BE8FB9AF2B8EBBB70002E706 /* APIClient.swift */,
				BE8FB9B32B8EBE840002E706 /* APIRequest.swift */,
				BE8FB9B12B8EBE7E0002E706 /* APIEndpoint.swift */,
			);
			path = Core;
			sourceTree = "<group>";
		};
		BE8FB9BC2B8EC5900002E706 /* Modules */ = {
			isa = PBXGroup;
			children = (
				BE8FB9C82B8ED17A0002E706 /* Root */,
				BE8FB9BD2B8EC5980002E706 /* Home */,
				BE8FB9C92B8ED18F0002E706 /* ComingSoon */,
				BE8FB9CA2B8ED1960002E706 /* Search */,
				BE8FB9CB2B8ED1980002E706 /* Downloads */,
			);
			path = Modules;
			sourceTree = "<group>";
		};
		BE8FB9BD2B8EC5980002E706 /* Home */ = {
			isa = PBXGroup;
			children = (
				BE8FB9802B8D8C5D0002E706 /* HomeViewController.swift */,
				BE8FB9C22B8EC5E80002E706 /* HomeViewModel.swift */,
			);
			path = Home;
			sourceTree = "<group>";
		};
		BE8FB9BE2B8EC5A50002E706 /* Product */ = {
			isa = PBXGroup;
			children = (
				BE8FB9C02B8EC5B70002E706 /* Cells */,
				BE8FB9BF2B8EC5AC0002E706 /* Models */,
			);
			path = Product;
			sourceTree = "<group>";
		};
		BE8FB9BF2B8EC5AC0002E706 /* Models */ = {
			isa = PBXGroup;
			children = (
				BE8FB9AB2B8EAD630002E706 /* Movie.swift */,
			);
			path = Models;
			sourceTree = "<group>";
		};
		BE8FB9C02B8EC5B70002E706 /* Cells */ = {
			isa = PBXGroup;
			children = (
				BE8FB9AD2B8EB79E0002E706 /* MovieTableHeaderView.swift */,
				BE8FB9A72B8EAC4F0002E706 /* MovieTableViewCell.swift */,
				BE8FB9A92B8EAC5E0002E706 /* MovieCollectionViewCell.swift */,
			);
			path = Cells;
			sourceTree = "<group>";
		};
		BE8FB9C12B8EC5D10002E706 /* Resources */ = {
			isa = PBXGroup;
			children = (
				BE8FB9852B8D8C5E0002E706 /* Assets.xcassets */,
			);
			path = Resources;
			sourceTree = "<group>";
		};
		BE8FB9C42B8ED1510002E706 /* Utils */ = {
			isa = PBXGroup;
			children = (
				BE8FB9C52B8ED1550002E706 /* Constants */,
			);
			path = Utils;
			sourceTree = "<group>";
		};
		BE8FB9C52B8ED1550002E706 /* Constants */ = {
			isa = PBXGroup;
			children = (
				BE8FB9C62B8ED1600002E706 /* SFSymbols.swift */,
			);
			path = Constants;
			sourceTree = "<group>";
		};
		BE8FB9C82B8ED17A0002E706 /* Root */ = {
			isa = PBXGroup;
			children = (
				BE8FB9D22B8ED2210002E706 /* RootTabBarController.swift */,
			);
			path = Root;
			sourceTree = "<group>";
		};
		BE8FB9C92B8ED18F0002E706 /* ComingSoon */ = {
			isa = PBXGroup;
			children = (
				BE8FB9CC2B8ED1CE0002E706 /* ComingSoonViewController.swift */,
			);
			path = ComingSoon;
			sourceTree = "<group>";
		};
		BE8FB9CA2B8ED1960002E706 /* Search */ = {
			isa = PBXGroup;
			children = (
				BE8FB9CE2B8ED1D40002E706 /* TopSearchesViewController.swift */,
			);
			path = Search;
			sourceTree = "<group>";
		};
		BE8FB9CB2B8ED1980002E706 /* Downloads */ = {
			isa = PBXGroup;
			children = (
				BE8FB9D02B8ED1D90002E706 /* DownloadsViewController.swift */,
			);
			path = Downloads;
			sourceTree = "<group>";
		};
/* End PBXGroup section */

/* Begin PBXNativeTarget section */
		BE8FB9782B8D8C5D0002E706 /* MovieApp */ = {
			isa = PBXNativeTarget;
			buildConfigurationList = BE8FB98D2B8D8C5E0002E706 /* Build configuration list for PBXNativeTarget "MovieApp" */;
			buildPhases = (
				BE8FB9752B8D8C5D0002E706 /* Sources */,
				BE8FB9762B8D8C5D0002E706 /* Frameworks */,
				BE8FB9772B8D8C5D0002E706 /* Resources */,
			);
			buildRules = (
			);
			dependencies = (
			);
			name = MovieApp;
			packageProductDependencies = (
				BE8FB9B82B8EC1F70002E706 /* SDWebImage */,
				BE8FB9BA2B8EC1F70002E706 /* SDWebImageMapKit */,
			);
			productName = MovieApp;
			productReference = BE8FB9792B8D8C5D0002E706 /* MovieApp.app */;
			productType = "com.apple.product-type.application";
		};
/* End PBXNativeTarget section */

/* Begin PBXProject section */
		BE8FB9712B8D8C5D0002E706 /* Project object */ = {
			isa = PBXProject;
			attributes = {
				BuildIndependentTargetsInParallel = 1;
				LastSwiftUpdateCheck = 1520;
				LastUpgradeCheck = 1520;
				TargetAttributes = {
					BE8FB9782B8D8C5D0002E706 = {
						CreatedOnToolsVersion = 15.2;
					};
				};
			};
			buildConfigurationList = BE8FB9742B8D8C5D0002E706 /* Build configuration list for PBXProject "MovieApp" */;
			compatibilityVersion = "Xcode 14.0";
			developmentRegion = en;
			hasScannedForEncodings = 0;
			knownRegions = (
				en,
				Base,
			);
			mainGroup = BE8FB9702B8D8C5D0002E706;
			packageReferences = (
				BE8FB9B72B8EC1F70002E706 /* XCRemoteSwiftPackageReference "SDWebImage" */,
			);
			productRefGroup = BE8FB97A2B8D8C5D0002E706 /* Products */;
			projectDirPath = "";
			projectRoot = "";
			targets = (
				BE8FB9782B8D8C5D0002E706 /* MovieApp */,
			);
		};
/* End PBXProject section */

/* Begin PBXResourcesBuildPhase section */
		BE8FB9772B8D8C5D0002E706 /* Resources */ = {
			isa = PBXResourcesBuildPhase;
			buildActionMask = 2147483647;
			files = (
				BE8FB9892B8D8C5E0002E706 /* LaunchScreen.storyboard in Resources */,
				BE8FB9862B8D8C5E0002E706 /* Assets.xcassets in Resources */,
			);
			runOnlyForDeploymentPostprocessing = 0;
		};
/* End PBXResourcesBuildPhase section */

/* Begin PBXSourcesBuildPhase section */
		BE8FB9752B8D8C5D0002E706 /* Sources */ = {
			isa = PBXSourcesBuildPhase;
			buildActionMask = 2147483647;
			files = (
				BE8FB9812B8D8C5D0002E706 /* HomeViewController.swift in Sources */,
				BE8FB9CD2B8ED1CE0002E706 /* ComingSoonViewController.swift in Sources */,
				BE8FB9C32B8EC5E80002E706 /* HomeViewModel.swift in Sources */,
				BE8FB9B22B8EBE7E0002E706 /* APIEndpoint.swift in Sources */,
				BE8FB9AE2B8EB79E0002E706 /* MovieTableHeaderView.swift in Sources */,
				BE8FB9D12B8ED1D90002E706 /* DownloadsViewController.swift in Sources */,
				BE8FB9D32B8ED2210002E706 /* RootTabBarController.swift in Sources */,
				BE8FB97D2B8D8C5D0002E706 /* AppDelegate.swift in Sources */,
				BE8FB9AC2B8EAD630002E706 /* Movie.swift in Sources */,
				BE8FB9B02B8EBBB70002E706 /* APIClient.swift in Sources */,
				BE8FB9CF2B8ED1D40002E706 /* TopSearchesViewController.swift in Sources */,
				BE8FB9AA2B8EAC5E0002E706 /* MovieCollectionViewCell.swift in Sources */,
				BE8FB9C72B8ED1600002E706 /* SFSymbols.swift in Sources */,
				BE8FB9A82B8EAC4F0002E706 /* MovieTableViewCell.swift in Sources */,
				BE8FB9B42B8EBE840002E706 /* APIRequest.swift in Sources */,
				BE8FB97F2B8D8C5D0002E706 /* SceneDelegate.swift in Sources */,
			);
			runOnlyForDeploymentPostprocessing = 0;
		};
/* End PBXSourcesBuildPhase section */

/* Begin PBXVariantGroup section */
		BE8FB9872B8D8C5E0002E706 /* LaunchScreen.storyboard */ = {
			isa = PBXVariantGroup;
			children = (
				BE8FB9882B8D8C5E0002E706 /* Base */,
			);
			name = LaunchScreen.storyboard;
			sourceTree = "<group>";
		};
/* End PBXVariantGroup section */

/* Begin XCBuildConfiguration section */
		BE8FB98B2B8D8C5E0002E706 /* Debug */ = {
			isa = XCBuildConfiguration;
			buildSettings = {
				ALWAYS_SEARCH_USER_PATHS = NO;
				ASSETCATALOG_COMPILER_GENERATE_SWIFT_ASSET_SYMBOL_EXTENSIONS = YES;
				CLANG_ANALYZER_NONNULL = YES;
				CLANG_ANALYZER_NUMBER_OBJECT_CONVERSION = YES_AGGRESSIVE;
				CLANG_CXX_LANGUAGE_STANDARD = "gnu++20";
				CLANG_ENABLE_MODULES = YES;
				CLANG_ENABLE_OBJC_ARC = YES;
				CLANG_ENABLE_OBJC_WEAK = YES;
				CLANG_WARN_BLOCK_CAPTURE_AUTORELEASING = YES;
				CLANG_WARN_BOOL_CONVERSION = YES;
				CLANG_WARN_COMMA = YES;
				CLANG_WARN_CONSTANT_CONVERSION = YES;
				CLANG_WARN_DEPRECATED_OBJC_IMPLEMENTATIONS = YES;
				CLANG_WARN_DIRECT_OBJC_ISA_USAGE = YES_ERROR;
				CLANG_WARN_DOCUMENTATION_COMMENTS = YES;
				CLANG_WARN_EMPTY_BODY = YES;
				CLANG_WARN_ENUM_CONVERSION = YES;
				CLANG_WARN_INFINITE_RECURSION = YES;
				CLANG_WARN_INT_CONVERSION = YES;
				CLANG_WARN_NON_LITERAL_NULL_CONVERSION = YES;
				CLANG_WARN_OBJC_IMPLICIT_RETAIN_SELF = YES;
				CLANG_WARN_OBJC_LITERAL_CONVERSION = YES;
				CLANG_WARN_OBJC_ROOT_CLASS = YES_ERROR;
				CLANG_WARN_QUOTED_INCLUDE_IN_FRAMEWORK_HEADER = YES;
				CLANG_WARN_RANGE_LOOP_ANALYSIS = YES;
				CLANG_WARN_STRICT_PROTOTYPES = YES;
				CLANG_WARN_SUSPICIOUS_MOVE = YES;
				CLANG_WARN_UNGUARDED_AVAILABILITY = YES_AGGRESSIVE;
				CLANG_WARN_UNREACHABLE_CODE = YES;
				CLANG_WARN__DUPLICATE_METHOD_MATCH = YES;
				COPY_PHASE_STRIP = NO;
				DEBUG_INFORMATION_FORMAT = dwarf;
				ENABLE_STRICT_OBJC_MSGSEND = YES;
				ENABLE_TESTABILITY = YES;
				ENABLE_USER_SCRIPT_SANDBOXING = YES;
				GCC_C_LANGUAGE_STANDARD = gnu17;
				GCC_DYNAMIC_NO_PIC = NO;
				GCC_NO_COMMON_BLOCKS = YES;
				GCC_OPTIMIZATION_LEVEL = 0;
				GCC_PREPROCESSOR_DEFINITIONS = (
					"DEBUG=1",
					"$(inherited)",
				);
				GCC_WARN_64_TO_32_BIT_CONVERSION = YES;
				GCC_WARN_ABOUT_RETURN_TYPE = YES_ERROR;
				GCC_WARN_UNDECLARED_SELECTOR = YES;
				GCC_WARN_UNINITIALIZED_AUTOS = YES_AGGRESSIVE;
				GCC_WARN_UNUSED_FUNCTION = YES;
				GCC_WARN_UNUSED_VARIABLE = YES;
				IPHONEOS_DEPLOYMENT_TARGET = 17.2;
				LOCALIZATION_PREFERS_STRING_CATALOGS = YES;
				MTL_ENABLE_DEBUG_INFO = INCLUDE_SOURCE;
				MTL_FAST_MATH = YES;
				ONLY_ACTIVE_ARCH = YES;
				SDKROOT = iphoneos;
				SWIFT_ACTIVE_COMPILATION_CONDITIONS = "DEBUG $(inherited)";
				SWIFT_OPTIMIZATION_LEVEL = "-Onone";
			};
			name = Debug;
		};
		BE8FB98C2B8D8C5E0002E706 /* Release */ = {
			isa = XCBuildConfiguration;
			buildSettings = {
				ALWAYS_SEARCH_USER_PATHS = NO;
				ASSETCATALOG_COMPILER_GENERATE_SWIFT_ASSET_SYMBOL_EXTENSIONS = YES;
				CLANG_ANALYZER_NONNULL = YES;
				CLANG_ANALYZER_NUMBER_OBJECT_CONVERSION = YES_AGGRESSIVE;
				CLANG_CXX_LANGUAGE_STANDARD = "gnu++20";
				CLANG_ENABLE_MODULES = YES;
				CLANG_ENABLE_OBJC_ARC = YES;
				CLANG_ENABLE_OBJC_WEAK = YES;
				CLANG_WARN_BLOCK_CAPTURE_AUTORELEASING = YES;
				CLANG_WARN_BOOL_CONVERSION = YES;
				CLANG_WARN_COMMA = YES;
				CLANG_WARN_CONSTANT_CONVERSION = YES;
				CLANG_WARN_DEPRECATED_OBJC_IMPLEMENTATIONS = YES;
				CLANG_WARN_DIRECT_OBJC_ISA_USAGE = YES_ERROR;
				CLANG_WARN_DOCUMENTATION_COMMENTS = YES;
				CLANG_WARN_EMPTY_BODY = YES;
				CLANG_WARN_ENUM_CONVERSION = YES;
				CLANG_WARN_INFINITE_RECURSION = YES;
				CLANG_WARN_INT_CONVERSION = YES;
				CLANG_WARN_NON_LITERAL_NULL_CONVERSION = YES;
				CLANG_WARN_OBJC_IMPLICIT_RETAIN_SELF = YES;
				CLANG_WARN_OBJC_LITERAL_CONVERSION = YES;
				CLANG_WARN_OBJC_ROOT_CLASS = YES_ERROR;
				CLANG_WARN_QUOTED_INCLUDE_IN_FRAMEWORK_HEADER = YES;
				CLANG_WARN_RANGE_LOOP_ANALYSIS = YES;
				CLANG_WARN_STRICT_PROTOTYPES = YES;
				CLANG_WARN_SUSPICIOUS_MOVE = YES;
				CLANG_WARN_UNGUARDED_AVAILABILITY = YES_AGGRESSIVE;
				CLANG_WARN_UNREACHABLE_CODE = YES;
				CLANG_WARN__DUPLICATE_METHOD_MATCH = YES;
				COPY_PHASE_STRIP = NO;
				DEBUG_INFORMATION_FORMAT = "dwarf-with-dsym";
				ENABLE_NS_ASSERTIONS = NO;
				ENABLE_STRICT_OBJC_MSGSEND = YES;
				ENABLE_USER_SCRIPT_SANDBOXING = YES;
				GCC_C_LANGUAGE_STANDARD = gnu17;
				GCC_NO_COMMON_BLOCKS = YES;
				GCC_WARN_64_TO_32_BIT_CONVERSION = YES;
				GCC_WARN_ABOUT_RETURN_TYPE = YES_ERROR;
				GCC_WARN_UNDECLARED_SELECTOR = YES;
				GCC_WARN_UNINITIALIZED_AUTOS = YES_AGGRESSIVE;
				GCC_WARN_UNUSED_FUNCTION = YES;
				GCC_WARN_UNUSED_VARIABLE = YES;
				IPHONEOS_DEPLOYMENT_TARGET = 17.2;
				LOCALIZATION_PREFERS_STRING_CATALOGS = YES;
				MTL_ENABLE_DEBUG_INFO = NO;
				MTL_FAST_MATH = YES;
				SDKROOT = iphoneos;
				SWIFT_COMPILATION_MODE = wholemodule;
				VALIDATE_PRODUCT = YES;
			};
			name = Release;
		};
		BE8FB98E2B8D8C5E0002E706 /* Debug */ = {
			isa = XCBuildConfiguration;
			buildSettings = {
				ASSETCATALOG_COMPILER_APPICON_NAME = AppIcon;
				ASSETCATALOG_COMPILER_GLOBAL_ACCENT_COLOR_NAME = AccentColor;
				CODE_SIGN_STYLE = Automatic;
				CURRENT_PROJECT_VERSION = 1;
				DEVELOPMENT_TEAM = 46PR5V47LD;
				GENERATE_INFOPLIST_FILE = YES;
				INFOPLIST_FILE = MovieApp/Info.plist;
				INFOPLIST_KEY_UIApplicationSupportsIndirectInputEvents = YES;
				INFOPLIST_KEY_UILaunchStoryboardName = LaunchScreen;
				INFOPLIST_KEY_UISupportedInterfaceOrientations_iPad = "UIInterfaceOrientationPortrait UIInterfaceOrientationPortraitUpsideDown UIInterfaceOrientationLandscapeLeft UIInterfaceOrientationLandscapeRight";
				INFOPLIST_KEY_UISupportedInterfaceOrientations_iPhone = "UIInterfaceOrientationPortrait UIInterfaceOrientationLandscapeLeft UIInterfaceOrientationLandscapeRight";
				LD_RUNPATH_SEARCH_PATHS = (
					"$(inherited)",
					"@executable_path/Frameworks",
				);
				MARKETING_VERSION = 1.0;
				PRODUCT_BUNDLE_IDENTIFIER = com.yunusberdibekk.MovieApp;
				PRODUCT_NAME = "$(TARGET_NAME)";
				SWIFT_EMIT_LOC_STRINGS = YES;
				SWIFT_VERSION = 5.0;
				TARGETED_DEVICE_FAMILY = "1,2";
			};
			name = Debug;
		};
		BE8FB98F2B8D8C5E0002E706 /* Release */ = {
			isa = XCBuildConfiguration;
			buildSettings = {
				ASSETCATALOG_COMPILER_APPICON_NAME = AppIcon;
				ASSETCATALOG_COMPILER_GLOBAL_ACCENT_COLOR_NAME = AccentColor;
				CODE_SIGN_STYLE = Automatic;
				CURRENT_PROJECT_VERSION = 1;
				DEVELOPMENT_TEAM = 46PR5V47LD;
				GENERATE_INFOPLIST_FILE = YES;
				INFOPLIST_FILE = MovieApp/Info.plist;
				INFOPLIST_KEY_UIApplicationSupportsIndirectInputEvents = YES;
				INFOPLIST_KEY_UILaunchStoryboardName = LaunchScreen;
				INFOPLIST_KEY_UISupportedInterfaceOrientations_iPad = "UIInterfaceOrientationPortrait UIInterfaceOrientationPortraitUpsideDown UIInterfaceOrientationLandscapeLeft UIInterfaceOrientationLandscapeRight";
				INFOPLIST_KEY_UISupportedInterfaceOrientations_iPhone = "UIInterfaceOrientationPortrait UIInterfaceOrientationLandscapeLeft UIInterfaceOrientationLandscapeRight";
				LD_RUNPATH_SEARCH_PATHS = (
					"$(inherited)",
					"@executable_path/Frameworks",
				);
				MARKETING_VERSION = 1.0;
				PRODUCT_BUNDLE_IDENTIFIER = com.yunusberdibekk.MovieApp;
				PRODUCT_NAME = "$(TARGET_NAME)";
				SWIFT_EMIT_LOC_STRINGS = YES;
				SWIFT_VERSION = 5.0;
				TARGETED_DEVICE_FAMILY = "1,2";
			};
			name = Release;
		};
/* End XCBuildConfiguration section */

/* Begin XCConfigurationList section */
		BE8FB9742B8D8C5D0002E706 /* Build configuration list for PBXProject "MovieApp" */ = {
			isa = XCConfigurationList;
			buildConfigurations = (
				BE8FB98B2B8D8C5E0002E706 /* Debug */,
				BE8FB98C2B8D8C5E0002E706 /* Release */,
			);
			defaultConfigurationIsVisible = 0;
			defaultConfigurationName = Release;
		};
		BE8FB98D2B8D8C5E0002E706 /* Build configuration list for PBXNativeTarget "MovieApp" */ = {
			isa = XCConfigurationList;
			buildConfigurations = (
				BE8FB98E2B8D8C5E0002E706 /* Debug */,
				BE8FB98F2B8D8C5E0002E706 /* Release */,
			);
			defaultConfigurationIsVisible = 0;
			defaultConfigurationName = Release;
		};
/* End XCConfigurationList section */

/* Begin XCRemoteSwiftPackageReference section */
		BE8FB9B72B8EC1F70002E706 /* XCRemoteSwiftPackageReference "SDWebImage" */ = {
			isa = XCRemoteSwiftPackageReference;
			repositoryURL = "https://github.com/SDWebImage/SDWebImage.git";
			requirement = {
				kind = upToNextMajorVersion;
				minimumVersion = 5.19.0;
			};
		};
/* End XCRemoteSwiftPackageReference section */

/* Begin XCSwiftPackageProductDependency section */
		BE8FB9B82B8EC1F70002E706 /* SDWebImage */ = {
			isa = XCSwiftPackageProductDependency;
			package = BE8FB9B72B8EC1F70002E706 /* XCRemoteSwiftPackageReference "SDWebImage" */;
			productName = SDWebImage;
		};
		BE8FB9BA2B8EC1F70002E706 /* SDWebImageMapKit */ = {
			isa = XCSwiftPackageProductDependency;
			package = BE8FB9B72B8EC1F70002E706 /* XCRemoteSwiftPackageReference "SDWebImage" */;
			productName = SDWebImageMapKit;
		};
/* End XCSwiftPackageProductDependency section */
	};
	rootObject = BE8FB9712B8D8C5D0002E706 /* Project object */;
}
