// !$*UTF8*$!
{
	archiveVersion = 1;
	classes = {
	};
	objectVersion = 56;
	objects = {

/* Begin PBXBuildFile section */
		BE7AB3EB2B90F308002CA593 /* MovieDetail.swift in Sources */ = {isa = PBXBuildFile; fileRef = BE7AB3EA2B90F308002CA593 /* MovieDetail.swift */; };
		BE7AB3ED2B90F385002CA593 /* YoutubeSearchResponse.swift in Sources */ = {isa = PBXBuildFile; fileRef = BE7AB3EC2B90F385002CA593 /* YoutubeSearchResponse.swift */; };
		BE7AB3F62B912543002CA593 /* Pushable.swift in Sources */ = {isa = PBXBuildFile; fileRef = BE7AB3F52B912543002CA593 /* Pushable.swift */; };
		BE7AB3FA2B9268AF002CA593 /* MXUserDefaultsManager.swift in Sources */ = {isa = PBXBuildFile; fileRef = BE7AB3F92B9268AF002CA593 /* MXUserDefaultsManager.swift */; };
		BE7AB3FC2B929F61002CA593 /* Alertable.swift in Sources */ = {isa = PBXBuildFile; fileRef = BE7AB3FB2B929F61002CA593 /* Alertable.swift */; };
		BE7AB3FE2B929F69002CA593 /* Presentable.swift in Sources */ = {isa = PBXBuildFile; fileRef = BE7AB3FD2B929F69002CA593 /* Presentable.swift */; };
		BE8FB97D2B8D8C5D0002E706 /* AppDelegate.swift in Sources */ = {isa = PBXBuildFile; fileRef = BE8FB97C2B8D8C5D0002E706 /* AppDelegate.swift */; };
		BE8FB97F2B8D8C5D0002E706 /* SceneDelegate.swift in Sources */ = {isa = PBXBuildFile; fileRef = BE8FB97E2B8D8C5D0002E706 /* SceneDelegate.swift */; };
		BE8FB9812B8D8C5D0002E706 /* MXShowCaseViewController.swift in Sources */ = {isa = PBXBuildFile; fileRef = BE8FB9802B8D8C5D0002E706 /* MXShowCaseViewController.swift */; };
		BE8FB9862B8D8C5E0002E706 /* Assets.xcassets in Resources */ = {isa = PBXBuildFile; fileRef = BE8FB9852B8D8C5E0002E706 /* Assets.xcassets */; };
		BE8FB9892B8D8C5E0002E706 /* LaunchScreen.storyboard in Resources */ = {isa = PBXBuildFile; fileRef = BE8FB9872B8D8C5E0002E706 /* LaunchScreen.storyboard */; };
		BE8FB9A82B8EAC4F0002E706 /* MXShowCaseTableViewCell.swift in Sources */ = {isa = PBXBuildFile; fileRef = BE8FB9A72B8EAC4F0002E706 /* MXShowCaseTableViewCell.swift */; };
		BE8FB9AA2B8EAC5E0002E706 /* MXShowCaseCollectionCell.swift in Sources */ = {isa = PBXBuildFile; fileRef = BE8FB9A92B8EAC5E0002E706 /* MXShowCaseCollectionCell.swift */; };
		BE8FB9AC2B8EAD630002E706 /* MovieResponse.swift in Sources */ = {isa = PBXBuildFile; fileRef = BE8FB9AB2B8EAD630002E706 /* MovieResponse.swift */; };
		BE8FB9AE2B8EB79E0002E706 /* MXShowCaseTableHeaderView.swift in Sources */ = {isa = PBXBuildFile; fileRef = BE8FB9AD2B8EB79E0002E706 /* MXShowCaseTableHeaderView.swift */; };
		BE8FB9B02B8EBBB70002E706 /* APIClient.swift in Sources */ = {isa = PBXBuildFile; fileRef = BE8FB9AF2B8EBBB70002E706 /* APIClient.swift */; };
		BE8FB9B22B8EBE7E0002E706 /* APIEndpoint.swift in Sources */ = {isa = PBXBuildFile; fileRef = BE8FB9B12B8EBE7E0002E706 /* APIEndpoint.swift */; };
		BE8FB9B42B8EBE840002E706 /* APIRequest.swift in Sources */ = {isa = PBXBuildFile; fileRef = BE8FB9B32B8EBE840002E706 /* APIRequest.swift */; };
		BE8FB9B92B8EC1F70002E706 /* SDWebImage in Frameworks */ = {isa = PBXBuildFile; productRef = BE8FB9B82B8EC1F70002E706 /* SDWebImage */; };
		BE8FB9BB2B8EC1F70002E706 /* SDWebImageMapKit in Frameworks */ = {isa = PBXBuildFile; productRef = BE8FB9BA2B8EC1F70002E706 /* SDWebImageMapKit */; };
		BE8FB9C32B8EC5E80002E706 /* MXShowCaseViewModel.swift in Sources */ = {isa = PBXBuildFile; fileRef = BE8FB9C22B8EC5E80002E706 /* MXShowCaseViewModel.swift */; };
		BE8FB9C72B8ED1600002E706 /* SFSymbols.swift in Sources */ = {isa = PBXBuildFile; fileRef = BE8FB9C62B8ED1600002E706 /* SFSymbols.swift */; };
		BE8FB9CD2B8ED1CE0002E706 /* MXComingSoonViewController.swift in Sources */ = {isa = PBXBuildFile; fileRef = BE8FB9CC2B8ED1CE0002E706 /* MXComingSoonViewController.swift */; };
		BE8FB9D12B8ED1D90002E706 /* MXDownloadsViewController.swift in Sources */ = {isa = PBXBuildFile; fileRef = BE8FB9D02B8ED1D90002E706 /* MXDownloadsViewController.swift */; };
		BE8FB9D32B8ED2210002E706 /* MXRootTabBarController.swift in Sources */ = {isa = PBXBuildFile; fileRef = BE8FB9D22B8ED2210002E706 /* MXRootTabBarController.swift */; };
		BE8FB9D62B8FA9690002E706 /* MXMovieDetailViewController.swift in Sources */ = {isa = PBXBuildFile; fileRef = BE8FB9D52B8FA9690002E706 /* MXMovieDetailViewController.swift */; };
		BE8FB9DA2B8FA9F60002E706 /* MXMovieDetailViewModel.swift in Sources */ = {isa = PBXBuildFile; fileRef = BE8FB9D92B8FA9F60002E706 /* MXMovieDetailViewModel.swift */; };
		BEDA68642B98F8F3008A3E83 /* MXDownloadsViewModel.swift in Sources */ = {isa = PBXBuildFile; fileRef = BEDA68632B98F8F3008A3E83 /* MXDownloadsViewModel.swift */; };
		BEDA68672B990CCF008A3E83 /* MXMovieCollectionCell.swift in Sources */ = {isa = PBXBuildFile; fileRef = BEDA68662B990CCF008A3E83 /* MXMovieCollectionCell.swift */; };
		BEDDAE3F2B9E3581000A5F59 /* MXRefreshable.swift in Sources */ = {isa = PBXBuildFile; fileRef = BEDDAE3E2B9E3581000A5F59 /* MXRefreshable.swift */; };
		BEEFF68A2B9A86A500B33C4E /* MXComingSoonViewModel.swift in Sources */ = {isa = PBXBuildFile; fileRef = BEEFF6892B9A86A500B33C4E /* MXComingSoonViewModel.swift */; };
		BEFBD0FF2B9D117F001C4D86 /* MXDiscoveryViewController.swift in Sources */ = {isa = PBXBuildFile; fileRef = BEFBD0FE2B9D117F001C4D86 /* MXDiscoveryViewController.swift */; };
		BEFBD1012B9D118C001C4D86 /* MXDiscoveryViewModel.swift in Sources */ = {isa = PBXBuildFile; fileRef = BEFBD1002B9D118C001C4D86 /* MXDiscoveryViewModel.swift */; };
/* End PBXBuildFile section */

/* Begin PBXFileReference section */
		BE7AB3EA2B90F308002CA593 /* MovieDetail.swift */ = {isa = PBXFileReference; lastKnownFileType = sourcecode.swift; path = MovieDetail.swift; sourceTree = "<group>"; };
		BE7AB3EC2B90F385002CA593 /* YoutubeSearchResponse.swift */ = {isa = PBXFileReference; lastKnownFileType = sourcecode.swift; path = YoutubeSearchResponse.swift; sourceTree = "<group>"; };
		BE7AB3F52B912543002CA593 /* Pushable.swift */ = {isa = PBXFileReference; lastKnownFileType = sourcecode.swift; path = Pushable.swift; sourceTree = "<group>"; };
		BE7AB3F92B9268AF002CA593 /* MXUserDefaultsManager.swift */ = {isa = PBXFileReference; lastKnownFileType = sourcecode.swift; path = MXUserDefaultsManager.swift; sourceTree = "<group>"; };
		BE7AB3FB2B929F61002CA593 /* Alertable.swift */ = {isa = PBXFileReference; lastKnownFileType = sourcecode.swift; path = Alertable.swift; sourceTree = "<group>"; };
		BE7AB3FD2B929F69002CA593 /* Presentable.swift */ = {isa = PBXFileReference; lastKnownFileType = sourcecode.swift; path = Presentable.swift; sourceTree = "<group>"; };
		BE8FB9792B8D8C5D0002E706 /* MovieX.app */ = {isa = PBXFileReference; explicitFileType = wrapper.application; includeInIndex = 0; path = MovieX.app; sourceTree = BUILT_PRODUCTS_DIR; };
		BE8FB97C2B8D8C5D0002E706 /* AppDelegate.swift */ = {isa = PBXFileReference; lastKnownFileType = sourcecode.swift; path = AppDelegate.swift; sourceTree = "<group>"; };
		BE8FB97E2B8D8C5D0002E706 /* SceneDelegate.swift */ = {isa = PBXFileReference; lastKnownFileType = sourcecode.swift; path = SceneDelegate.swift; sourceTree = "<group>"; };
		BE8FB9802B8D8C5D0002E706 /* MXShowCaseViewController.swift */ = {isa = PBXFileReference; lastKnownFileType = sourcecode.swift; path = MXShowCaseViewController.swift; sourceTree = "<group>"; };
		BE8FB9852B8D8C5E0002E706 /* Assets.xcassets */ = {isa = PBXFileReference; lastKnownFileType = folder.assetcatalog; path = Assets.xcassets; sourceTree = "<group>"; };
		BE8FB9882B8D8C5E0002E706 /* Base */ = {isa = PBXFileReference; lastKnownFileType = file.storyboard; name = Base; path = Base.lproj/LaunchScreen.storyboard; sourceTree = "<group>"; };
		BE8FB98A2B8D8C5E0002E706 /* Info.plist */ = {isa = PBXFileReference; lastKnownFileType = text.plist.xml; path = Info.plist; sourceTree = "<group>"; };
		BE8FB9A72B8EAC4F0002E706 /* MXShowCaseTableViewCell.swift */ = {isa = PBXFileReference; lastKnownFileType = sourcecode.swift; path = MXShowCaseTableViewCell.swift; sourceTree = "<group>"; };
		BE8FB9A92B8EAC5E0002E706 /* MXShowCaseCollectionCell.swift */ = {isa = PBXFileReference; lastKnownFileType = sourcecode.swift; path = MXShowCaseCollectionCell.swift; sourceTree = "<group>"; };
		BE8FB9AB2B8EAD630002E706 /* MovieResponse.swift */ = {isa = PBXFileReference; lastKnownFileType = sourcecode.swift; path = MovieResponse.swift; sourceTree = "<group>"; };
		BE8FB9AD2B8EB79E0002E706 /* MXShowCaseTableHeaderView.swift */ = {isa = PBXFileReference; lastKnownFileType = sourcecode.swift; path = MXShowCaseTableHeaderView.swift; sourceTree = "<group>"; };
		BE8FB9AF2B8EBBB70002E706 /* APIClient.swift */ = {isa = PBXFileReference; lastKnownFileType = sourcecode.swift; path = APIClient.swift; sourceTree = "<group>"; };
		BE8FB9B12B8EBE7E0002E706 /* APIEndpoint.swift */ = {isa = PBXFileReference; lastKnownFileType = sourcecode.swift; path = APIEndpoint.swift; sourceTree = "<group>"; };
		BE8FB9B32B8EBE840002E706 /* APIRequest.swift */ = {isa = PBXFileReference; lastKnownFileType = sourcecode.swift; path = APIRequest.swift; sourceTree = "<group>"; };
		BE8FB9C22B8EC5E80002E706 /* MXShowCaseViewModel.swift */ = {isa = PBXFileReference; lastKnownFileType = sourcecode.swift; path = MXShowCaseViewModel.swift; sourceTree = "<group>"; };
		BE8FB9C62B8ED1600002E706 /* SFSymbols.swift */ = {isa = PBXFileReference; lastKnownFileType = sourcecode.swift; path = SFSymbols.swift; sourceTree = "<group>"; };
		BE8FB9CC2B8ED1CE0002E706 /* MXComingSoonViewController.swift */ = {isa = PBXFileReference; lastKnownFileType = sourcecode.swift; path = MXComingSoonViewController.swift; sourceTree = "<group>"; };
		BE8FB9D02B8ED1D90002E706 /* MXDownloadsViewController.swift */ = {isa = PBXFileReference; lastKnownFileType = sourcecode.swift; path = MXDownloadsViewController.swift; sourceTree = "<group>"; };
		BE8FB9D22B8ED2210002E706 /* MXRootTabBarController.swift */ = {isa = PBXFileReference; lastKnownFileType = sourcecode.swift; path = MXRootTabBarController.swift; sourceTree = "<group>"; };
		BE8FB9D52B8FA9690002E706 /* MXMovieDetailViewController.swift */ = {isa = PBXFileReference; lastKnownFileType = sourcecode.swift; path = MXMovieDetailViewController.swift; sourceTree = "<group>"; };
		BE8FB9D92B8FA9F60002E706 /* MXMovieDetailViewModel.swift */ = {isa = PBXFileReference; lastKnownFileType = sourcecode.swift; path = MXMovieDetailViewModel.swift; sourceTree = "<group>"; };
		BEDA68632B98F8F3008A3E83 /* MXDownloadsViewModel.swift */ = {isa = PBXFileReference; lastKnownFileType = sourcecode.swift; path = MXDownloadsViewModel.swift; sourceTree = "<group>"; };
		BEDA68662B990CCF008A3E83 /* MXMovieCollectionCell.swift */ = {isa = PBXFileReference; lastKnownFileType = sourcecode.swift; path = MXMovieCollectionCell.swift; sourceTree = "<group>"; };
		BEDDAE3E2B9E3581000A5F59 /* MXRefreshable.swift */ = {isa = PBXFileReference; lastKnownFileType = sourcecode.swift; path = MXRefreshable.swift; sourceTree = "<group>"; };
		BEEFF6892B9A86A500B33C4E /* MXComingSoonViewModel.swift */ = {isa = PBXFileReference; lastKnownFileType = sourcecode.swift; path = MXComingSoonViewModel.swift; sourceTree = "<group>"; };
		BEFBD0FE2B9D117F001C4D86 /* MXDiscoveryViewController.swift */ = {isa = PBXFileReference; lastKnownFileType = sourcecode.swift; path = MXDiscoveryViewController.swift; sourceTree = "<group>"; };
		BEFBD1002B9D118C001C4D86 /* MXDiscoveryViewModel.swift */ = {isa = PBXFileReference; lastKnownFileType = sourcecode.swift; path = MXDiscoveryViewModel.swift; sourceTree = "<group>"; };
/* End PBXFileReference section */

/* Begin PBXFrameworksBuildPhase section */
		BE8FB9762B8D8C5D0002E706 /* Frameworks */ = {
			isa = PBXFrameworksBuildPhase;
			buildActionMask = 2147483647;
			files = (
				BE8FB9BB2B8EC1F70002E706 /* SDWebImageMapKit in Frameworks */,
				BE8FB9B92B8EC1F70002E706 /* SDWebImage in Frameworks */,
			);
			runOnlyForDeploymentPostprocessing = 0;
		};
/* End PBXFrameworksBuildPhase section */

/* Begin PBXGroup section */
		BE7AB3F42B91253A002CA593 /* Extension */ = {
			isa = PBXGroup;
			children = (
				BE7AB3FD2B929F69002CA593 /* Presentable.swift */,
				BE7AB3F52B912543002CA593 /* Pushable.swift */,
				BE7AB3FB2B929F61002CA593 /* Alertable.swift */,
			);
			path = Extension;
			sourceTree = "<group>";
		};
		BE7AB3F72B9146BE002CA593 /* APIClient */ = {
			isa = PBXGroup;
			children = (
				BE8FB9AF2B8EBBB70002E706 /* APIClient.swift */,
				BE8FB9B12B8EBE7E0002E706 /* APIEndpoint.swift */,
				BE8FB9B32B8EBE840002E706 /* APIRequest.swift */,
			);
			path = APIClient;
			sourceTree = "<group>";
		};
		BE7AB3F82B914B9D002CA593 /* Managers */ = {
			isa = PBXGroup;
			children = (
				BE7AB3F92B9268AF002CA593 /* MXUserDefaultsManager.swift */,
			);
			path = Managers;
			sourceTree = "<group>";
		};
		BE8FB9702B8D8C5D0002E706 = {
			isa = PBXGroup;
			children = (
				BE8FB97B2B8D8C5D0002E706 /* MovieX */,
				BE8FB97A2B8D8C5D0002E706 /* Products */,
			);
			sourceTree = "<group>";
		};
		BE8FB97A2B8D8C5D0002E706 /* Products */ = {
			isa = PBXGroup;
			children = (
				BE8FB9792B8D8C5D0002E706 /* MovieX.app */,
			);
			name = Products;
			sourceTree = "<group>";
		};
		BE8FB97B2B8D8C5D0002E706 /* MovieX */ = {
			isa = PBXGroup;
			children = (
				BEFBD1022B9D135E001C4D86 /* App */,
				BE8FB9912B8D8D000002E706 /* Core */,
				BE8FB9C42B8ED1510002E706 /* Utilities */,
				BE8FB9BC2B8EC5900002E706 /* Features */,
				BE8FB9BE2B8EC5A50002E706 /* Product */,
				BE8FB9C12B8EC5D10002E706 /* Resources */,
			);
			path = MovieX;
			sourceTree = "<group>";
		};
		BE8FB9912B8D8D000002E706 /* Core */ = {
			isa = PBXGroup;
			children = (
				BE7AB3F82B914B9D002CA593 /* Managers */,
				BE7AB3F72B9146BE002CA593 /* APIClient */,
			);
			path = Core;
			sourceTree = "<group>";
		};
		BE8FB9BC2B8EC5900002E706 /* Features */ = {
			isa = PBXGroup;
			children = (
				BE8FB9C82B8ED17A0002E706 /* MXRoot */,
				BE8FB9BD2B8EC5980002E706 /* MXShowCase */,
				BE8FB9CA2B8ED1960002E706 /* MXDiscovery */,
				BE8FB9C92B8ED18F0002E706 /* MXComingSoon */,
				BE8FB9CB2B8ED1980002E706 /* MXDownloads */,
			);
			path = Features;
			sourceTree = "<group>";
		};
		BE8FB9BD2B8EC5980002E706 /* MXShowCase */ = {
			isa = PBXGroup;
			children = (
				BEEFF6872B9A7EDB00B33C4E /* Controller */,
				BEEFF6852B9A77F800B33C4E /* View */,
				BEEFF6862B9A77FE00B33C4E /* ViewModel */,
			);
			path = MXShowCase;
			sourceTree = "<group>";
		};
		BE8FB9BE2B8EC5A50002E706 /* Product */ = {
			isa = PBXGroup;
			children = (
				BEEFF6B42B9CAF3900B33C4E /* Components */,
				BE8FB9BF2B8EC5AC0002E706 /* Models */,
			);
			path = Product;
			sourceTree = "<group>";
		};
		BE8FB9BF2B8EC5AC0002E706 /* Models */ = {
			isa = PBXGroup;
			children = (
				BE8FB9AB2B8EAD630002E706 /* MovieResponse.swift */,
				BE7AB3EA2B90F308002CA593 /* MovieDetail.swift */,
				BE7AB3EC2B90F385002CA593 /* YoutubeSearchResponse.swift */,
			);
			path = Models;
			sourceTree = "<group>";
		};
		BE8FB9C02B8EC5B70002E706 /* Cell */ = {
			isa = PBXGroup;
			children = (
				BEDA68662B990CCF008A3E83 /* MXMovieCollectionCell.swift */,
			);
			path = Cell;
			sourceTree = "<group>";
		};
		BE8FB9C12B8EC5D10002E706 /* Resources */ = {
			isa = PBXGroup;
			children = (
				BE8FB9852B8D8C5E0002E706 /* Assets.xcassets */,
			);
			path = Resources;
			sourceTree = "<group>";
		};
		BE8FB9C42B8ED1510002E706 /* Utilities */ = {
			isa = PBXGroup;
			children = (
				BE7AB3F42B91253A002CA593 /* Extension */,
				BE8FB9C52B8ED1550002E706 /* Constant */,
			);
			path = Utilities;
			sourceTree = "<group>";
		};
		BE8FB9C52B8ED1550002E706 /* Constant */ = {
			isa = PBXGroup;
			children = (
				BE8FB9C62B8ED1600002E706 /* SFSymbols.swift */,
			);
			path = Constant;
			sourceTree = "<group>";
		};
		BE8FB9C82B8ED17A0002E706 /* MXRoot */ = {
			isa = PBXGroup;
			children = (
				BEDDAE382B9D3A62000A5F59 /* Controller */,
			);
			path = MXRoot;
			sourceTree = "<group>";
		};
		BE8FB9C92B8ED18F0002E706 /* MXComingSoon */ = {
			isa = PBXGroup;
			children = (
				BEDDAE412B9E4237000A5F59 /* ViewModel */,
				BEDDAE402B9E4234000A5F59 /* Controller */,
			);
			path = MXComingSoon;
			sourceTree = "<group>";
		};
		BE8FB9CA2B8ED1960002E706 /* MXDiscovery */ = {
			isa = PBXGroup;
			children = (
				BEDDAE372B9D3A51000A5F59 /* ViewModel */,
				BEDDAE362B9D3A4D000A5F59 /* Controller */,
			);
			path = MXDiscovery;
			sourceTree = "<group>";
		};
		BE8FB9CB2B8ED1980002E706 /* MXDownloads */ = {
			isa = PBXGroup;
			children = (
				BE8FB9D02B8ED1D90002E706 /* MXDownloadsViewController.swift */,
				BEDA68632B98F8F3008A3E83 /* MXDownloadsViewModel.swift */,
			);
			path = MXDownloads;
			sourceTree = "<group>";
		};
		BE8FB9D82B8FA9E60002E706 /* MXMovieDetail */ = {
			isa = PBXGroup;
			children = (
				BE8FB9D52B8FA9690002E706 /* MXMovieDetailViewController.swift */,
				BE8FB9D92B8FA9F60002E706 /* MXMovieDetailViewModel.swift */,
			);
			path = MXMovieDetail;
			sourceTree = "<group>";
		};
		BEDDAE352B9D3362000A5F59 /* Controller */ = {
			isa = PBXGroup;
			children = (
				BEDDAE3D2B9E3573000A5F59 /* MXRefreshable */,
				BE8FB9D82B8FA9E60002E706 /* MXMovieDetail */,
			);
			path = Controller;
			sourceTree = "<group>";
		};
		BEDDAE362B9D3A4D000A5F59 /* Controller */ = {
			isa = PBXGroup;
			children = (
				BEFBD0FE2B9D117F001C4D86 /* MXDiscoveryViewController.swift */,
			);
			path = Controller;
			sourceTree = "<group>";
		};
		BEDDAE372B9D3A51000A5F59 /* ViewModel */ = {
			isa = PBXGroup;
			children = (
				BEFBD1002B9D118C001C4D86 /* MXDiscoveryViewModel.swift */,
			);
			path = ViewModel;
			sourceTree = "<group>";
		};
		BEDDAE382B9D3A62000A5F59 /* Controller */ = {
			isa = PBXGroup;
			children = (
				BE8FB9D22B8ED2210002E706 /* MXRootTabBarController.swift */,
			);
			path = Controller;
			sourceTree = "<group>";
		};
		BEDDAE3D2B9E3573000A5F59 /* MXRefreshable */ = {
			isa = PBXGroup;
			children = (
				BEDDAE3E2B9E3581000A5F59 /* MXRefreshable.swift */,
			);
			path = MXRefreshable;
			sourceTree = "<group>";
		};
		BEDDAE402B9E4234000A5F59 /* Controller */ = {
			isa = PBXGroup;
			children = (
				BEEFF6892B9A86A500B33C4E /* MXComingSoonViewModel.swift */,
			);
			path = Controller;
			sourceTree = "<group>";
		};
		BEDDAE412B9E4237000A5F59 /* ViewModel */ = {
			isa = PBXGroup;
			children = (
				BE8FB9CC2B8ED1CE0002E706 /* MXComingSoonViewController.swift */,
			);
			path = ViewModel;
			sourceTree = "<group>";
		};
		BEEFF6852B9A77F800B33C4E /* View */ = {
			isa = PBXGroup;
			children = (
				BE8FB9A72B8EAC4F0002E706 /* MXShowCaseTableViewCell.swift */,
				BE8FB9AD2B8EB79E0002E706 /* MXShowCaseTableHeaderView.swift */,
				BE8FB9A92B8EAC5E0002E706 /* MXShowCaseCollectionCell.swift */,
			);
			path = View;
			sourceTree = "<group>";
		};
		BEEFF6862B9A77FE00B33C4E /* ViewModel */ = {
			isa = PBXGroup;
			children = (
				BE8FB9C22B8EC5E80002E706 /* MXShowCaseViewModel.swift */,
			);
			path = ViewModel;
			sourceTree = "<group>";
		};
		BEEFF6872B9A7EDB00B33C4E /* Controller */ = {
			isa = PBXGroup;
			children = (
				BE8FB9802B8D8C5D0002E706 /* MXShowCaseViewController.swift */,
			);
			path = Controller;
			sourceTree = "<group>";
		};
		BEEFF6B42B9CAF3900B33C4E /* Components */ = {
			isa = PBXGroup;
			children = (
				BEDDAE352B9D3362000A5F59 /* Controller */,
				BE8FB9C02B8EC5B70002E706 /* Cell */,
			);
			path = Components;
			sourceTree = "<group>";
		};
		BEFBD1022B9D135E001C4D86 /* App */ = {
			isa = PBXGroup;
			children = (
				BE8FB97C2B8D8C5D0002E706 /* AppDelegate.swift */,
				BE8FB97E2B8D8C5D0002E706 /* SceneDelegate.swift */,
				BE8FB9872B8D8C5E0002E706 /* LaunchScreen.storyboard */,
				BE8FB98A2B8D8C5E0002E706 /* Info.plist */,
			);
			path = App;
			sourceTree = "<group>";
		};
/* End PBXGroup section */

/* Begin PBXNativeTarget section */
		BE8FB9782B8D8C5D0002E706 /* MovieX */ = {
			isa = PBXNativeTarget;
			buildConfigurationList = BE8FB98D2B8D8C5E0002E706 /* Build configuration list for PBXNativeTarget "MovieX" */;
			buildPhases = (
				BE8FB9752B8D8C5D0002E706 /* Sources */,
				BE8FB9762B8D8C5D0002E706 /* Frameworks */,
				BE8FB9772B8D8C5D0002E706 /* Resources */,
			);
			buildRules = (
			);
			dependencies = (
			);
			name = MovieX;
			packageProductDependencies = (
				BE8FB9B82B8EC1F70002E706 /* SDWebImage */,
				BE8FB9BA2B8EC1F70002E706 /* SDWebImageMapKit */,
			);
			productName = MovieApp;
			productReference = BE8FB9792B8D8C5D0002E706 /* MovieX.app */;
			productType = "com.apple.product-type.application";
		};
/* End PBXNativeTarget section */

/* Begin PBXProject section */
		BE8FB9712B8D8C5D0002E706 /* Project object */ = {
			isa = PBXProject;
			attributes = {
				BuildIndependentTargetsInParallel = 1;
				LastSwiftUpdateCheck = 1520;
				LastUpgradeCheck = 1520;
				TargetAttributes = {
					BE8FB9782B8D8C5D0002E706 = {
						CreatedOnToolsVersion = 15.2;
					};
				};
			};
			buildConfigurationList = BE8FB9742B8D8C5D0002E706 /* Build configuration list for PBXProject "MovieX" */;
			compatibilityVersion = "Xcode 14.0";
			developmentRegion = en;
			hasScannedForEncodings = 0;
			knownRegions = (
				en,
				Base,
			);
			mainGroup = BE8FB9702B8D8C5D0002E706;
			packageReferences = (
				BE8FB9B72B8EC1F70002E706 /* XCRemoteSwiftPackageReference "SDWebImage" */,
			);
			productRefGroup = BE8FB97A2B8D8C5D0002E706 /* Products */;
			projectDirPath = "";
			projectRoot = "";
			targets = (
				BE8FB9782B8D8C5D0002E706 /* MovieX */,
			);
		};
/* End PBXProject section */

/* Begin PBXResourcesBuildPhase section */
		BE8FB9772B8D8C5D0002E706 /* Resources */ = {
			isa = PBXResourcesBuildPhase;
			buildActionMask = 2147483647;
			files = (
				BE8FB9892B8D8C5E0002E706 /* LaunchScreen.storyboard in Resources */,
				BE8FB9862B8D8C5E0002E706 /* Assets.xcassets in Resources */,
			);
			runOnlyForDeploymentPostprocessing = 0;
		};
/* End PBXResourcesBuildPhase section */

/* Begin PBXSourcesBuildPhase section */
		BE8FB9752B8D8C5D0002E706 /* Sources */ = {
			isa = PBXSourcesBuildPhase;
			buildActionMask = 2147483647;
			files = (
				BE8FB9812B8D8C5D0002E706 /* MXShowCaseViewController.swift in Sources */,
				BE8FB9CD2B8ED1CE0002E706 /* MXComingSoonViewController.swift in Sources */,
				BEDA68672B990CCF008A3E83 /* MXMovieCollectionCell.swift in Sources */,
				BE8FB9C32B8EC5E80002E706 /* MXShowCaseViewModel.swift in Sources */,
				BE7AB3EB2B90F308002CA593 /* MovieDetail.swift in Sources */,
				BE8FB9B22B8EBE7E0002E706 /* APIEndpoint.swift in Sources */,
				BE7AB3F62B912543002CA593 /* Pushable.swift in Sources */,
				BE8FB9AE2B8EB79E0002E706 /* MXShowCaseTableHeaderView.swift in Sources */,
				BEDDAE3F2B9E3581000A5F59 /* MXRefreshable.swift in Sources */,
				BEEFF68A2B9A86A500B33C4E /* MXComingSoonViewModel.swift in Sources */,
				BE8FB9D12B8ED1D90002E706 /* MXDownloadsViewController.swift in Sources */,
				BE8FB9D62B8FA9690002E706 /* MXMovieDetailViewController.swift in Sources */,
				BE7AB3ED2B90F385002CA593 /* YoutubeSearchResponse.swift in Sources */,
				BE8FB9D32B8ED2210002E706 /* MXRootTabBarController.swift in Sources */,
				BE8FB9DA2B8FA9F60002E706 /* MXMovieDetailViewModel.swift in Sources */,
				BE8FB97D2B8D8C5D0002E706 /* AppDelegate.swift in Sources */,
				BE8FB9AC2B8EAD630002E706 /* MovieResponse.swift in Sources */,
				BE8FB9B02B8EBBB70002E706 /* APIClient.swift in Sources */,
				BEFBD0FF2B9D117F001C4D86 /* MXDiscoveryViewController.swift in Sources */,
				BE8FB9AA2B8EAC5E0002E706 /* MXShowCaseCollectionCell.swift in Sources */,
				BE8FB9C72B8ED1600002E706 /* SFSymbols.swift in Sources */,
				BEDA68642B98F8F3008A3E83 /* MXDownloadsViewModel.swift in Sources */,
				BEFBD1012B9D118C001C4D86 /* MXDiscoveryViewModel.swift in Sources */,
				BE7AB3FA2B9268AF002CA593 /* MXUserDefaultsManager.swift in Sources */,
				BE8FB9A82B8EAC4F0002E706 /* MXShowCaseTableViewCell.swift in Sources */,
				BE8FB9B42B8EBE840002E706 /* APIRequest.swift in Sources */,
				BE7AB3FE2B929F69002CA593 /* Presentable.swift in Sources */,
				BE8FB97F2B8D8C5D0002E706 /* SceneDelegate.swift in Sources */,
				BE7AB3FC2B929F61002CA593 /* Alertable.swift in Sources */,
			);
			runOnlyForDeploymentPostprocessing = 0;
		};
/* End PBXSourcesBuildPhase section */

/* Begin PBXVariantGroup section */
		BE8FB9872B8D8C5E0002E706 /* LaunchScreen.storyboard */ = {
			isa = PBXVariantGroup;
			children = (
				BE8FB9882B8D8C5E0002E706 /* Base */,
			);
			name = LaunchScreen.storyboard;
			sourceTree = "<group>";
		};
/* End PBXVariantGroup section */

/* Begin XCBuildConfiguration section */
		BE8FB98B2B8D8C5E0002E706 /* Debug */ = {
			isa = XCBuildConfiguration;
			buildSettings = {
				ALWAYS_SEARCH_USER_PATHS = NO;
				ASSETCATALOG_COMPILER_GENERATE_SWIFT_ASSET_SYMBOL_EXTENSIONS = YES;
				CLANG_ANALYZER_NONNULL = YES;
				CLANG_ANALYZER_NUMBER_OBJECT_CONVERSION = YES_AGGRESSIVE;
				CLANG_CXX_LANGUAGE_STANDARD = "gnu++20";
				CLANG_ENABLE_MODULES = YES;
				CLANG_ENABLE_OBJC_ARC = YES;
				CLANG_ENABLE_OBJC_WEAK = YES;
				CLANG_WARN_BLOCK_CAPTURE_AUTORELEASING = YES;
				CLANG_WARN_BOOL_CONVERSION = YES;
				CLANG_WARN_COMMA = YES;
				CLANG_WARN_CONSTANT_CONVERSION = YES;
				CLANG_WARN_DEPRECATED_OBJC_IMPLEMENTATIONS = YES;
				CLANG_WARN_DIRECT_OBJC_ISA_USAGE = YES_ERROR;
				CLANG_WARN_DOCUMENTATION_COMMENTS = YES;
				CLANG_WARN_EMPTY_BODY = YES;
				CLANG_WARN_ENUM_CONVERSION = YES;
				CLANG_WARN_INFINITE_RECURSION = YES;
				CLANG_WARN_INT_CONVERSION = YES;
				CLANG_WARN_NON_LITERAL_NULL_CONVERSION = YES;
				CLANG_WARN_OBJC_IMPLICIT_RETAIN_SELF = YES;
				CLANG_WARN_OBJC_LITERAL_CONVERSION = YES;
				CLANG_WARN_OBJC_ROOT_CLASS = YES_ERROR;
				CLANG_WARN_QUOTED_INCLUDE_IN_FRAMEWORK_HEADER = YES;
				CLANG_WARN_RANGE_LOOP_ANALYSIS = YES;
				CLANG_WARN_STRICT_PROTOTYPES = YES;
				CLANG_WARN_SUSPICIOUS_MOVE = YES;
				CLANG_WARN_UNGUARDED_AVAILABILITY = YES_AGGRESSIVE;
				CLANG_WARN_UNREACHABLE_CODE = YES;
				CLANG_WARN__DUPLICATE_METHOD_MATCH = YES;
				COPY_PHASE_STRIP = NO;
				DEBUG_INFORMATION_FORMAT = dwarf;
				ENABLE_STRICT_OBJC_MSGSEND = YES;
				ENABLE_TESTABILITY = YES;
				ENABLE_USER_SCRIPT_SANDBOXING = YES;
				GCC_C_LANGUAGE_STANDARD = gnu17;
				GCC_DYNAMIC_NO_PIC = NO;
				GCC_NO_COMMON_BLOCKS = YES;
				GCC_OPTIMIZATION_LEVEL = 0;
				GCC_PREPROCESSOR_DEFINITIONS = (
					"DEBUG=1",
					"$(inherited)",
				);
				GCC_WARN_64_TO_32_BIT_CONVERSION = YES;
				GCC_WARN_ABOUT_RETURN_TYPE = YES_ERROR;
				GCC_WARN_UNDECLARED_SELECTOR = YES;
				GCC_WARN_UNINITIALIZED_AUTOS = YES_AGGRESSIVE;
				GCC_WARN_UNUSED_FUNCTION = YES;
				GCC_WARN_UNUSED_VARIABLE = YES;
				IPHONEOS_DEPLOYMENT_TARGET = 17.2;
				LOCALIZATION_PREFERS_STRING_CATALOGS = YES;
				MTL_ENABLE_DEBUG_INFO = INCLUDE_SOURCE;
				MTL_FAST_MATH = YES;
				ONLY_ACTIVE_ARCH = YES;
				SDKROOT = iphoneos;
				SWIFT_ACTIVE_COMPILATION_CONDITIONS = "DEBUG $(inherited)";
				SWIFT_OPTIMIZATION_LEVEL = "-Onone";
			};
			name = Debug;
		};
		BE8FB98C2B8D8C5E0002E706 /* Release */ = {
			isa = XCBuildConfiguration;
			buildSettings = {
				ALWAYS_SEARCH_USER_PATHS = NO;
				ASSETCATALOG_COMPILER_GENERATE_SWIFT_ASSET_SYMBOL_EXTENSIONS = YES;
				CLANG_ANALYZER_NONNULL = YES;
				CLANG_ANALYZER_NUMBER_OBJECT_CONVERSION = YES_AGGRESSIVE;
				CLANG_CXX_LANGUAGE_STANDARD = "gnu++20";
				CLANG_ENABLE_MODULES = YES;
				CLANG_ENABLE_OBJC_ARC = YES;
				CLANG_ENABLE_OBJC_WEAK = YES;
				CLANG_WARN_BLOCK_CAPTURE_AUTORELEASING = YES;
				CLANG_WARN_BOOL_CONVERSION = YES;
				CLANG_WARN_COMMA = YES;
				CLANG_WARN_CONSTANT_CONVERSION = YES;
				CLANG_WARN_DEPRECATED_OBJC_IMPLEMENTATIONS = YES;
				CLANG_WARN_DIRECT_OBJC_ISA_USAGE = YES_ERROR;
				CLANG_WARN_DOCUMENTATION_COMMENTS = YES;
				CLANG_WARN_EMPTY_BODY = YES;
				CLANG_WARN_ENUM_CONVERSION = YES;
				CLANG_WARN_INFINITE_RECURSION = YES;
				CLANG_WARN_INT_CONVERSION = YES;
				CLANG_WARN_NON_LITERAL_NULL_CONVERSION = YES;
				CLANG_WARN_OBJC_IMPLICIT_RETAIN_SELF = YES;
				CLANG_WARN_OBJC_LITERAL_CONVERSION = YES;
				CLANG_WARN_OBJC_ROOT_CLASS = YES_ERROR;
				CLANG_WARN_QUOTED_INCLUDE_IN_FRAMEWORK_HEADER = YES;
				CLANG_WARN_RANGE_LOOP_ANALYSIS = YES;
				CLANG_WARN_STRICT_PROTOTYPES = YES;
				CLANG_WARN_SUSPICIOUS_MOVE = YES;
				CLANG_WARN_UNGUARDED_AVAILABILITY = YES_AGGRESSIVE;
				CLANG_WARN_UNREACHABLE_CODE = YES;
				CLANG_WARN__DUPLICATE_METHOD_MATCH = YES;
				COPY_PHASE_STRIP = NO;
				DEBUG_INFORMATION_FORMAT = "dwarf-with-dsym";
				ENABLE_NS_ASSERTIONS = NO;
				ENABLE_STRICT_OBJC_MSGSEND = YES;
				ENABLE_USER_SCRIPT_SANDBOXING = YES;
				GCC_C_LANGUAGE_STANDARD = gnu17;
				GCC_NO_COMMON_BLOCKS = YES;
				GCC_WARN_64_TO_32_BIT_CONVERSION = YES;
				GCC_WARN_ABOUT_RETURN_TYPE = YES_ERROR;
				GCC_WARN_UNDECLARED_SELECTOR = YES;
				GCC_WARN_UNINITIALIZED_AUTOS = YES_AGGRESSIVE;
				GCC_WARN_UNUSED_FUNCTION = YES;
				GCC_WARN_UNUSED_VARIABLE = YES;
				IPHONEOS_DEPLOYMENT_TARGET = 17.2;
				LOCALIZATION_PREFERS_STRING_CATALOGS = YES;
				MTL_ENABLE_DEBUG_INFO = NO;
				MTL_FAST_MATH = YES;
				SDKROOT = iphoneos;
				SWIFT_COMPILATION_MODE = wholemodule;
				VALIDATE_PRODUCT = YES;
			};
			name = Release;
		};
		BE8FB98E2B8D8C5E0002E706 /* Debug */ = {
			isa = XCBuildConfiguration;
			buildSettings = {
				ASSETCATALOG_COMPILER_APPICON_NAME = AppIcon;
				ASSETCATALOG_COMPILER_GLOBAL_ACCENT_COLOR_NAME = AccentColor;
				CODE_SIGN_STYLE = Automatic;
				CURRENT_PROJECT_VERSION = 1;
				DEVELOPMENT_TEAM = 46PR5V47LD;
				GENERATE_INFOPLIST_FILE = YES;
				INFOPLIST_FILE = MovieX/App/Info.plist;
				INFOPLIST_KEY_CFBundleDisplayName = "Movie X";
				INFOPLIST_KEY_LSApplicationCategoryType = "public.app-category.entertainment";
				INFOPLIST_KEY_UIApplicationSupportsIndirectInputEvents = YES;
				INFOPLIST_KEY_UILaunchStoryboardName = LaunchScreen;
				INFOPLIST_KEY_UISupportedInterfaceOrientations = UIInterfaceOrientationPortrait;
				LD_RUNPATH_SEARCH_PATHS = (
					"$(inherited)",
					"@executable_path/Frameworks",
				);
				MARKETING_VERSION = 1.0;
				PRODUCT_BUNDLE_IDENTIFIER = com.yunusberdibekk.MovieX;
				PRODUCT_NAME = "$(TARGET_NAME)";
				SWIFT_EMIT_LOC_STRINGS = YES;
				SWIFT_VERSION = 5.0;
				TARGETED_DEVICE_FAMILY = "1,2";
			};
			name = Debug;
		};
		BE8FB98F2B8D8C5E0002E706 /* Release */ = {
			isa = XCBuildConfiguration;
			buildSettings = {
				ASSETCATALOG_COMPILER_APPICON_NAME = AppIcon;
				ASSETCATALOG_COMPILER_GLOBAL_ACCENT_COLOR_NAME = AccentColor;
				CODE_SIGN_STYLE = Automatic;
				CURRENT_PROJECT_VERSION = 1;
				DEVELOPMENT_TEAM = 46PR5V47LD;
				GENERATE_INFOPLIST_FILE = YES;
				INFOPLIST_FILE = MovieX/App/Info.plist;
				INFOPLIST_KEY_CFBundleDisplayName = "Movie X";
				INFOPLIST_KEY_LSApplicationCategoryType = "public.app-category.entertainment";
				INFOPLIST_KEY_UIApplicationSupportsIndirectInputEvents = YES;
				INFOPLIST_KEY_UILaunchStoryboardName = LaunchScreen;
				INFOPLIST_KEY_UISupportedInterfaceOrientations = UIInterfaceOrientationPortrait;
				LD_RUNPATH_SEARCH_PATHS = (
					"$(inherited)",
					"@executable_path/Frameworks",
				);
				MARKETING_VERSION = 1.0;
				PRODUCT_BUNDLE_IDENTIFIER = com.yunusberdibekk.MovieX;
				PRODUCT_NAME = "$(TARGET_NAME)";
				SWIFT_EMIT_LOC_STRINGS = YES;
				SWIFT_VERSION = 5.0;
				TARGETED_DEVICE_FAMILY = "1,2";
			};
			name = Release;
		};
/* End XCBuildConfiguration section */

/* Begin XCConfigurationList section */
		BE8FB9742B8D8C5D0002E706 /* Build configuration list for PBXProject "MovieX" */ = {
			isa = XCConfigurationList;
			buildConfigurations = (
				BE8FB98B2B8D8C5E0002E706 /* Debug */,
				BE8FB98C2B8D8C5E0002E706 /* Release */,
			);
			defaultConfigurationIsVisible = 0;
			defaultConfigurationName = Release;
		};
		BE8FB98D2B8D8C5E0002E706 /* Build configuration list for PBXNativeTarget "MovieX" */ = {
			isa = XCConfigurationList;
			buildConfigurations = (
				BE8FB98E2B8D8C5E0002E706 /* Debug */,
				BE8FB98F2B8D8C5E0002E706 /* Release */,
			);
			defaultConfigurationIsVisible = 0;
			defaultConfigurationName = Release;
		};
/* End XCConfigurationList section */

/* Begin XCRemoteSwiftPackageReference section */
		BE8FB9B72B8EC1F70002E706 /* XCRemoteSwiftPackageReference "SDWebImage" */ = {
			isa = XCRemoteSwiftPackageReference;
			repositoryURL = "https://github.com/SDWebImage/SDWebImage.git";
			requirement = {
				kind = upToNextMajorVersion;
				minimumVersion = 5.19.0;
			};
		};
/* End XCRemoteSwiftPackageReference section */

/* Begin XCSwiftPackageProductDependency section */
		BE8FB9B82B8EC1F70002E706 /* SDWebImage */ = {
			isa = XCSwiftPackageProductDependency;
			package = BE8FB9B72B8EC1F70002E706 /* XCRemoteSwiftPackageReference "SDWebImage" */;
			productName = SDWebImage;
		};
		BE8FB9BA2B8EC1F70002E706 /* SDWebImageMapKit */ = {
			isa = XCSwiftPackageProductDependency;
			package = BE8FB9B72B8EC1F70002E706 /* XCRemoteSwiftPackageReference "SDWebImage" */;
			productName = SDWebImageMapKit;
		};
/* End XCSwiftPackageProductDependency section */
	};
	rootObject = BE8FB9712B8D8C5D0002E706 /* Project object */;
}
